
Microsoft Visual Studio Solution File, Format Version 12.00
# Visual Studio Version 17
VisualStudioVersion = 17.5.33530.505
MinimumVisualStudioVersion = 10.0.40219.1
Project("{2150E333-8FDC-42A3-9474-1A3956D46DE8}") = "Services", "Services", "{36E6DA9F-B5BC-4205-8536-2683F27D2B09}"
EndProject
Project("{2150E333-8FDC-42A3-9474-1A3956D46DE8}") = "Catalog", "Catalog", "{2F190404-1B48-48AE-A18D-75E0DEA86629}"
EndProject
Project("{9A19103F-16F7-4668-BE54-9A1E7A4F7556}") = "Catalog.API", "Services\Catalog\Catalog.API\Catalog.API.csproj", "{7D3297C8-93C0-4A9F-81E7-C3F8EF6EA7A8}"
EndProject
Project("{E53339B2-1760-4266-BCC7-CA923CBCF16C}") = "docker-compose", "docker-compose.dcproj", "{A80952B6-3518-448E-9864-C48AC4E39FC6}"
EndProject
Project("{2150E333-8FDC-42A3-9474-1A3956D46DE8}") = "Basket", "Basket", "{619AE19E-8E30-4E30-BEBD-F02493318E3C}"
EndProject
Project("{9A19103F-16F7-4668-BE54-9A1E7A4F7556}") = "Basket.API", "Services\Basket\Basket.API\Basket.API.csproj", "{DEA2FAF7-18B4-4F74-B07F-67C2B0F5A19D}"
EndProject
Project("{2150E333-8FDC-42A3-9474-1A3956D46DE8}") = "Discount", "Discount", "{E51B41D5-90B1-49DC-9306-797E43E524FD}"
EndProject
Project("{9A19103F-16F7-4668-BE54-9A1E7A4F7556}") = "Discount.API", "Services\Discount\Discount.API\Discount.API.csproj", "{2E8CA4EB-BF2E-4884-80D1-3D6F0CBC2C19}"
EndProject
Project("{9A19103F-16F7-4668-BE54-9A1E7A4F7556}") = "Discount.Grpc", "Services\Discount\Discount.Grpc\Discount.Grpc.csproj", "{01C88A0A-0128-44E1-BA19-F12A034EEA03}"
EndProject
Global
	GlobalSection(SolutionConfigurationPlatforms) = preSolution
		Debug|Any CPU = Debug|Any CPU
		Release|Any CPU = Release|Any CPU
	EndGlobalSection
	GlobalSection(ProjectConfigurationPlatforms) = postSolution
		{7D3297C8-93C0-4A9F-81E7-C3F8EF6EA7A8}.Debug|Any CPU.ActiveCfg = Debug|Any CPU
		{7D3297C8-93C0-4A9F-81E7-C3F8EF6EA7A8}.Debug|Any CPU.Build.0 = Debug|Any CPU
		{7D3297C8-93C0-4A9F-81E7-C3F8EF6EA7A8}.Release|Any CPU.ActiveCfg = Release|Any CPU
		{7D3297C8-93C0-4A9F-81E7-C3F8EF6EA7A8}.Release|Any CPU.Build.0 = Release|Any CPU
		{A80952B6-3518-448E-9864-C48AC4E39FC6}.Debug|Any CPU.ActiveCfg = Debug|Any CPU
		{A80952B6-3518-448E-9864-C48AC4E39FC6}.Debug|Any CPU.Build.0 = Debug|Any CPU
		{A80952B6-3518-448E-9864-C48AC4E39FC6}.Release|Any CPU.ActiveCfg = Release|Any CPU
		{A80952B6-3518-448E-9864-C48AC4E39FC6}.Release|Any CPU.Build.0 = Release|Any CPU
		{DEA2FAF7-18B4-4F74-B07F-67C2B0F5A19D}.Debug|Any CPU.ActiveCfg = Debug|Any CPU
		{DEA2FAF7-18B4-4F74-B07F-67C2B0F5A19D}.Debug|Any CPU.Build.0 = Debug|Any CPU
		{DEA2FAF7-18B4-4F74-B07F-67C2B0F5A19D}.Release|Any CPU.ActiveCfg = Release|Any CPU
		{DEA2FAF7-18B4-4F74-B07F-67C2B0F5A19D}.Release|Any CPU.Build.0 = Release|Any CPU
		{2E8CA4EB-BF2E-4884-80D1-3D6F0CBC2C19}.Debug|Any CPU.ActiveCfg = Debug|Any CPU
		{2E8CA4EB-BF2E-4884-80D1-3D6F0CBC2C19}.Debug|Any CPU.Build.0 = Debug|Any CPU
		{2E8CA4EB-BF2E-4884-80D1-3D6F0CBC2C19}.Release|Any CPU.ActiveCfg = Release|Any CPU
		{2E8CA4EB-BF2E-4884-80D1-3D6F0CBC2C19}.Release|Any CPU.Build.0 = Release|Any CPU
		{01C88A0A-0128-44E1-BA19-F12A034EEA03}.Debug|Any CPU.ActiveCfg = Debug|Any CPU
		{01C88A0A-0128-44E1-BA19-F12A034EEA03}.Debug|Any CPU.Build.0 = Debug|Any CPU
		{01C88A0A-0128-44E1-BA19-F12A034EEA03}.Release|Any CPU.ActiveCfg = Release|Any CPU
		{01C88A0A-0128-44E1-BA19-F12A034EEA03}.Release|Any CPU.Build.0 = Release|Any CPU
	EndGlobalSection
	GlobalSection(SolutionProperties) = preSolution
		HideSolutionNode = FALSE
	EndGlobalSection
	GlobalSection(NestedProjects) = preSolution
		{2F190404-1B48-48AE-A18D-75E0DEA86629} = {36E6DA9F-B5BC-4205-8536-2683F27D2B09}
		{7D3297C8-93C0-4A9F-81E7-C3F8EF6EA7A8} = {2F190404-1B48-48AE-A18D-75E0DEA86629}
		{619AE19E-8E30-4E30-BEBD-F02493318E3C} = {36E6DA9F-B5BC-4205-8536-2683F27D2B09}
		{DEA2FAF7-18B4-4F74-B07F-67C2B0F5A19D} = {619AE19E-8E30-4E30-BEBD-F02493318E3C}
		{E51B41D5-90B1-49DC-9306-797E43E524FD} = {36E6DA9F-B5BC-4205-8536-2683F27D2B09}
		{2E8CA4EB-BF2E-4884-80D1-3D6F0CBC2C19} = {E51B41D5-90B1-49DC-9306-797E43E524FD}
		{01C88A0A-0128-44E1-BA19-F12A034EEA03} = {E51B41D5-90B1-49DC-9306-797E43E524FD}
	EndGlobalSection
	GlobalSection(ExtensibilityGlobals) = postSolution
		SolutionGuid = {99E09A3F-26C2-45BB-A0B8-E639FA1FD3A9}
	EndGlobalSection
EndGlobal
